
Microsoft Visual Studio Solution File, Format Version 12.00
# Visual Studio Version 17
VisualStudioVersion = 17.9.34714.143
MinimumVisualStudioVersion = 10.0.40219.1
Project("{FAE04EC0-301F-11D3-BF4B-00C04F79EFBC}") = "MinhaPrimeiraAPI", "MinhaPrimeiraAPI\MinhaPrimeiraAPI.csproj", "{4D339132-F81A-4981-B254-43DFA27D552A}"
EndProject
Global
	GlobalSection(SolutionConfigurationPlatforms) = preSolution
		Debug|Any CPU = Debug|Any CPU
		Release|Any CPU = Release|Any CPU
	EndGlobalSection
	GlobalSection(ProjectConfigurationPlatforms) = postSolution
		{4D339132-F81A-4981-B254-43DFA27D552A}.Debug|Any CPU.ActiveCfg = Debug|Any CPU
		{4D339132-F81A-4981-B254-43DFA27D552A}.Debug|Any CPU.Build.0 = Debug|Any CPU
		{4D339132-F81A-4981-B254-43DFA27D552A}.Release|Any CPU.ActiveCfg = Release|Any CPU
		{4D339132-F81A-4981-B254-43DFA27D552A}.Release|Any CPU.Build.0 = Release|Any CPU
	EndGlobalSection
	GlobalSection(SolutionProperties) = preSolution
		HideSolutionNode = FALSE
	EndGlobalSection
	GlobalSection(ExtensibilityGlobals) = postSolution
		SolutionGuid = {D1DF4E5F-C81A-4255-965C-6639A4BC6607}
	EndGlobalSection
EndGlobal
